// !$*UTF8*$!
{
	archiveVersion = 1;
	classes = {
	};
	objectVersion = 46;
	objects = {

/* Begin PBXBuildFile section */
		437C37301D9386700046AD09 /* AppDelegate.swift in Sources */ = {isa = PBXBuildFile; fileRef = 437C372F1D9386700046AD09 /* AppDelegate.swift */; };
		437C37351D9386700046AD09 /* Main.storyboard in Resources */ = {isa = PBXBuildFile; fileRef = 437C37331D9386700046AD09 /* Main.storyboard */; };
		437C37371D9386700046AD09 /* Assets.xcassets in Resources */ = {isa = PBXBuildFile; fileRef = 437C37361D9386700046AD09 /* Assets.xcassets */; };
		437C373A1D9386700046AD09 /* LaunchScreen.storyboard in Resources */ = {isa = PBXBuildFile; fileRef = 437C37381D9386700046AD09 /* LaunchScreen.storyboard */; };
		437C37451D9386700046AD09 /* EnglishForKidsDemoTests.swift in Sources */ = {isa = PBXBuildFile; fileRef = 437C37441D9386700046AD09 /* EnglishForKidsDemoTests.swift */; };
		437C37501D9386700046AD09 /* EnglishForKidsDemoUITests.swift in Sources */ = {isa = PBXBuildFile; fileRef = 437C374F1D9386700046AD09 /* EnglishForKidsDemoUITests.swift */; };
		43A724421D98C107004A2AA1 /* ant.png in Resources */ = {isa = PBXBuildFile; fileRef = 43A724111D98C107004A2AA1 /* ant.png */; };
		43A724431D98C107004A2AA1 /* bat.jpg in Resources */ = {isa = PBXBuildFile; fileRef = 43A724121D98C107004A2AA1 /* bat.jpg */; };
		43A724441D98C107004A2AA1 /* bear.png in Resources */ = {isa = PBXBuildFile; fileRef = 43A724131D98C107004A2AA1 /* bear.png */; };
		43A724451D98C107004A2AA1 /* bee.png in Resources */ = {isa = PBXBuildFile; fileRef = 43A724141D98C107004A2AA1 /* bee.png */; };
		43A724461D98C107004A2AA1 /* bird.png in Resources */ = {isa = PBXBuildFile; fileRef = 43A724151D98C107004A2AA1 /* bird.png */; };
		43A724471D98C107004A2AA1 /* buffalo.jpg in Resources */ = {isa = PBXBuildFile; fileRef = 43A724161D98C107004A2AA1 /* buffalo.jpg */; };
		43A724481D98C107004A2AA1 /* butterfly.png in Resources */ = {isa = PBXBuildFile; fileRef = 43A724171D98C107004A2AA1 /* butterfly.png */; };
		43A724491D98C107004A2AA1 /* cat.jpg in Resources */ = {isa = PBXBuildFile; fileRef = 43A724181D98C107004A2AA1 /* cat.jpg */; };
		43A7244A1D98C107004A2AA1 /* crab.png in Resources */ = {isa = PBXBuildFile; fileRef = 43A724191D98C107004A2AA1 /* crab.png */; };
		43A7244B1D98C107004A2AA1 /* deer.jpg in Resources */ = {isa = PBXBuildFile; fileRef = 43A7241A1D98C107004A2AA1 /* deer.jpg */; };
		43A7244C1D98C107004A2AA1 /* dog.png in Resources */ = {isa = PBXBuildFile; fileRef = 43A7241B1D98C107004A2AA1 /* dog.png */; };
		43A7244D1D98C107004A2AA1 /* duck.png in Resources */ = {isa = PBXBuildFile; fileRef = 43A7241C1D98C107004A2AA1 /* duck.png */; };
		43A7244E1D98C107004A2AA1 /* fish.png in Resources */ = {isa = PBXBuildFile; fileRef = 43A7241D1D98C107004A2AA1 /* fish.png */; };
		43A7244F1D98C107004A2AA1 /* fly.jpg in Resources */ = {isa = PBXBuildFile; fileRef = 43A7241E1D98C107004A2AA1 /* fly.jpg */; };
		43A724501D98C107004A2AA1 /* fox.png in Resources */ = {isa = PBXBuildFile; fileRef = 43A7241F1D98C107004A2AA1 /* fox.png */; };
		43A724511D98C107004A2AA1 /* frog.png in Resources */ = {isa = PBXBuildFile; fileRef = 43A724201D98C107004A2AA1 /* frog.png */; };
		43A724521D98C107004A2AA1 /* hawk.jpg in Resources */ = {isa = PBXBuildFile; fileRef = 43A724211D98C107004A2AA1 /* hawk.jpg */; };
		43A724531D98C107004A2AA1 /* lion.jpg in Resources */ = {isa = PBXBuildFile; fileRef = 43A724221D98C107004A2AA1 /* lion.jpg */; };
		43A724541D98C107004A2AA1 /* mosquito.jpg in Resources */ = {isa = PBXBuildFile; fileRef = 43A724231D98C107004A2AA1 /* mosquito.jpg */; };
		43A724551D98C107004A2AA1 /* mouse.png in Resources */ = {isa = PBXBuildFile; fileRef = 43A724241D98C107004A2AA1 /* mouse.png */; };
		43A724561D98C107004A2AA1 /* peafowl.jpg in Resources */ = {isa = PBXBuildFile; fileRef = 43A724251D98C107004A2AA1 /* peafowl.jpg */; };
		43A724571D98C107004A2AA1 /* snail.png in Resources */ = {isa = PBXBuildFile; fileRef = 43A724261D98C107004A2AA1 /* snail.png */; };
		43A724581D98C107004A2AA1 /* snake.png in Resources */ = {isa = PBXBuildFile; fileRef = 43A724271D98C107004A2AA1 /* snake.png */; };
		43A724591D98C107004A2AA1 /* spider.png in Resources */ = {isa = PBXBuildFile; fileRef = 43A724281D98C107004A2AA1 /* spider.png */; };
		43A7245A1D98C107004A2AA1 /* swan.png in Resources */ = {isa = PBXBuildFile; fileRef = 43A724291D98C107004A2AA1 /* swan.png */; };
		43A7245B1D98C107004A2AA1 /* tiger.jpg in Resources */ = {isa = PBXBuildFile; fileRef = 43A7242A1D98C107004A2AA1 /* tiger.jpg */; };
		43A7245C1D98C107004A2AA1 /* turtle.png in Resources */ = {isa = PBXBuildFile; fileRef = 43A7242B1D98C107004A2AA1 /* turtle.png */; };
		43A7245D1D98C107004A2AA1 /* animals.jpeg in Resources */ = {isa = PBXBuildFile; fileRef = 43A7242C1D98C107004A2AA1 /* animals.jpeg */; };
		43A7245E1D98C107004A2AA1 /* apple.png in Resources */ = {isa = PBXBuildFile; fileRef = 43A7242E1D98C107004A2AA1 /* apple.png */; };
		43A7245F1D98C107004A2AA1 /* avocado.jpg in Resources */ = {isa = PBXBuildFile; fileRef = 43A7242F1D98C107004A2AA1 /* avocado.jpg */; };
		43A724601D98C107004A2AA1 /* banana.png in Resources */ = {isa = PBXBuildFile; fileRef = 43A724301D98C107004A2AA1 /* banana.png */; };
		43A724611D98C107004A2AA1 /* blackberry.png in Resources */ = {isa = PBXBuildFile; fileRef = 43A724311D98C107004A2AA1 /* blackberry.png */; };
		43A724621D98C107004A2AA1 /* cherry.png in Resources */ = {isa = PBXBuildFile; fileRef = 43A724321D98C107004A2AA1 /* cherry.png */; };
		43A724631D98C107004A2AA1 /* coconut.png in Resources */ = {isa = PBXBuildFile; fileRef = 43A724331D98C107004A2AA1 /* coconut.png */; };
		43A724641D98C107004A2AA1 /* grape.png in Resources */ = {isa = PBXBuildFile; fileRef = 43A724341D98C107004A2AA1 /* grape.png */; };
		43A724651D98C107004A2AA1 /* kiwi.jpg in Resources */ = {isa = PBXBuildFile; fileRef = 43A724351D98C107004A2AA1 /* kiwi.jpg */; };
		43A724661D98C107004A2AA1 /* lemon.jpg in Resources */ = {isa = PBXBuildFile; fileRef = 43A724361D98C107004A2AA1 /* lemon.jpg */; };
		43A724671D98C107004A2AA1 /* lychee.jpg in Resources */ = {isa = PBXBuildFile; fileRef = 43A724371D98C107004A2AA1 /* lychee.jpg */; };
		43A724681D98C107004A2AA1 /* mango.jpg in Resources */ = {isa = PBXBuildFile; fileRef = 43A724381D98C107004A2AA1 /* mango.jpg */; };
		43A724691D98C107004A2AA1 /* melon.jpg in Resources */ = {isa = PBXBuildFile; fileRef = 43A724391D98C107004A2AA1 /* melon.jpg */; };
		43A7246A1D98C107004A2AA1 /* papaya.jpg in Resources */ = {isa = PBXBuildFile; fileRef = 43A7243A1D98C107004A2AA1 /* papaya.jpg */; };
		43A7246B1D98C107004A2AA1 /* passion fruit.jpg in Resources */ = {isa = PBXBuildFile; fileRef = 43A7243B1D98C107004A2AA1 /* passion fruit.jpg */; };
		43A7246C1D98C107004A2AA1 /* peach.jpg in Resources */ = {isa = PBXBuildFile; fileRef = 43A7243C1D98C107004A2AA1 /* peach.jpg */; };
		43A7246D1D98C107004A2AA1 /* pineapple.jpg in Resources */ = {isa = PBXBuildFile; fileRef = 43A7243D1D98C107004A2AA1 /* pineapple.jpg */; };
		43A7246E1D98C107004A2AA1 /* plum.png in Resources */ = {isa = PBXBuildFile; fileRef = 43A7243E1D98C107004A2AA1 /* plum.png */; };
		43A7246F1D98C107004A2AA1 /* strawberry.jpg in Resources */ = {isa = PBXBuildFile; fileRef = 43A7243F1D98C107004A2AA1 /* strawberry.jpg */; };
		43A724701D98C107004A2AA1 /* watermelon.png in Resources */ = {isa = PBXBuildFile; fileRef = 43A724401D98C107004A2AA1 /* watermelon.png */; };
		43A724711D98C107004A2AA1 /* fruits.png in Resources */ = {isa = PBXBuildFile; fileRef = 43A724411D98C107004A2AA1 /* fruits.png */; };
		43A724731D98C3F1004A2AA1 /* MasterTableVC.swift in Sources */ = {isa = PBXBuildFile; fileRef = 43A724721D98C3F1004A2AA1 /* MasterTableVC.swift */; };
/* End PBXBuildFile section */

/* Begin PBXContainerItemProxy section */
		437C37411D9386700046AD09 /* PBXContainerItemProxy */ = {
			isa = PBXContainerItemProxy;
			containerPortal = 437C37241D93866E0046AD09 /* Project object */;
			proxyType = 1;
			remoteGlobalIDString = 437C372B1D93866F0046AD09;
			remoteInfo = EnglishForKidsDemo;
		};
		437C374C1D9386700046AD09 /* PBXContainerItemProxy */ = {
			isa = PBXContainerItemProxy;
			containerPortal = 437C37241D93866E0046AD09 /* Project object */;
			proxyType = 1;
			remoteGlobalIDString = 437C372B1D93866F0046AD09;
			remoteInfo = EnglishForKidsDemo;
		};
/* End PBXContainerItemProxy section */

/* Begin PBXFileReference section */
		437C372C1D9386700046AD09 /* EnglishForKidsDemo.app */ = {isa = PBXFileReference; explicitFileType = wrapper.application; includeInIndex = 0; path = EnglishForKidsDemo.app; sourceTree = BUILT_PRODUCTS_DIR; };
		437C372F1D9386700046AD09 /* AppDelegate.swift */ = {isa = PBXFileReference; lastKnownFileType = sourcecode.swift; path = AppDelegate.swift; sourceTree = "<group>"; };
		437C37341D9386700046AD09 /* Base */ = {isa = PBXFileReference; lastKnownFileType = file.storyboard; name = Base; path = Base.lproj/Main.storyboard; sourceTree = "<group>"; };
		437C37361D9386700046AD09 /* Assets.xcassets */ = {isa = PBXFileReference; lastKnownFileType = folder.assetcatalog; path = Assets.xcassets; sourceTree = "<group>"; };
		437C37391D9386700046AD09 /* Base */ = {isa = PBXFileReference; lastKnownFileType = file.storyboard; name = Base; path = Base.lproj/LaunchScreen.storyboard; sourceTree = "<group>"; };
		437C373B1D9386700046AD09 /* Info.plist */ = {isa = PBXFileReference; lastKnownFileType = text.plist.xml; path = Info.plist; sourceTree = "<group>"; };
		437C37401D9386700046AD09 /* EnglishForKidsDemoTests.xctest */ = {isa = PBXFileReference; explicitFileType = wrapper.cfbundle; includeInIndex = 0; path = EnglishForKidsDemoTests.xctest; sourceTree = BUILT_PRODUCTS_DIR; };
		437C37441D9386700046AD09 /* EnglishForKidsDemoTests.swift */ = {isa = PBXFileReference; lastKnownFileType = sourcecode.swift; path = EnglishForKidsDemoTests.swift; sourceTree = "<group>"; };
		437C37461D9386700046AD09 /* Info.plist */ = {isa = PBXFileReference; lastKnownFileType = text.plist.xml; path = Info.plist; sourceTree = "<group>"; };
		437C374B1D9386700046AD09 /* EnglishForKidsDemoUITests.xctest */ = {isa = PBXFileReference; explicitFileType = wrapper.cfbundle; includeInIndex = 0; path = EnglishForKidsDemoUITests.xctest; sourceTree = BUILT_PRODUCTS_DIR; };
		437C374F1D9386700046AD09 /* EnglishForKidsDemoUITests.swift */ = {isa = PBXFileReference; lastKnownFileType = sourcecode.swift; path = EnglishForKidsDemoUITests.swift; sourceTree = "<group>"; };
		437C37511D9386700046AD09 /* Info.plist */ = {isa = PBXFileReference; lastKnownFileType = text.plist.xml; path = Info.plist; sourceTree = "<group>"; };
		43A724111D98C107004A2AA1 /* ant.png */ = {isa = PBXFileReference; lastKnownFileType = image.png; path = ant.png; sourceTree = "<group>"; };
		43A724121D98C107004A2AA1 /* bat.jpg */ = {isa = PBXFileReference; lastKnownFileType = image.jpeg; path = bat.jpg; sourceTree = "<group>"; };
		43A724131D98C107004A2AA1 /* bear.png */ = {isa = PBXFileReference; lastKnownFileType = image.png; path = bear.png; sourceTree = "<group>"; };
		43A724141D98C107004A2AA1 /* bee.png */ = {isa = PBXFileReference; lastKnownFileType = image.png; path = bee.png; sourceTree = "<group>"; };
		43A724151D98C107004A2AA1 /* bird.png */ = {isa = PBXFileReference; lastKnownFileType = image.png; path = bird.png; sourceTree = "<group>"; };
		43A724161D98C107004A2AA1 /* buffalo.jpg */ = {isa = PBXFileReference; lastKnownFileType = image.jpeg; path = buffalo.jpg; sourceTree = "<group>"; };
		43A724171D98C107004A2AA1 /* butterfly.png */ = {isa = PBXFileReference; lastKnownFileType = image.png; path = butterfly.png; sourceTree = "<group>"; };
		43A724181D98C107004A2AA1 /* cat.jpg */ = {isa = PBXFileReference; lastKnownFileType = image.jpeg; path = cat.jpg; sourceTree = "<group>"; };
		43A724191D98C107004A2AA1 /* crab.png */ = {isa = PBXFileReference; lastKnownFileType = image.png; path = crab.png; sourceTree = "<group>"; };
		43A7241A1D98C107004A2AA1 /* deer.jpg */ = {isa = PBXFileReference; lastKnownFileType = image.jpeg; path = deer.jpg; sourceTree = "<group>"; };
		43A7241B1D98C107004A2AA1 /* dog.png */ = {isa = PBXFileReference; lastKnownFileType = image.png; path = dog.png; sourceTree = "<group>"; };
		43A7241C1D98C107004A2AA1 /* duck.png */ = {isa = PBXFileReference; lastKnownFileType = image.png; path = duck.png; sourceTree = "<group>"; };
		43A7241D1D98C107004A2AA1 /* fish.png */ = {isa = PBXFileReference; lastKnownFileType = image.png; path = fish.png; sourceTree = "<group>"; };
		43A7241E1D98C107004A2AA1 /* fly.jpg */ = {isa = PBXFileReference; lastKnownFileType = image.jpeg; path = fly.jpg; sourceTree = "<group>"; };
		43A7241F1D98C107004A2AA1 /* fox.png */ = {isa = PBXFileReference; lastKnownFileType = image.png; path = fox.png; sourceTree = "<group>"; };
		43A724201D98C107004A2AA1 /* frog.png */ = {isa = PBXFileReference; lastKnownFileType = image.png; path = frog.png; sourceTree = "<group>"; };
		43A724211D98C107004A2AA1 /* hawk.jpg */ = {isa = PBXFileReference; lastKnownFileType = image.jpeg; path = hawk.jpg; sourceTree = "<group>"; };
		43A724221D98C107004A2AA1 /* lion.jpg */ = {isa = PBXFileReference; lastKnownFileType = image.jpeg; path = lion.jpg; sourceTree = "<group>"; };
		43A724231D98C107004A2AA1 /* mosquito.jpg */ = {isa = PBXFileReference; lastKnownFileType = image.jpeg; path = mosquito.jpg; sourceTree = "<group>"; };
		43A724241D98C107004A2AA1 /* mouse.png */ = {isa = PBXFileReference; lastKnownFileType = image.png; path = mouse.png; sourceTree = "<group>"; };
		43A724251D98C107004A2AA1 /* peafowl.jpg */ = {isa = PBXFileReference; lastKnownFileType = image.jpeg; path = peafowl.jpg; sourceTree = "<group>"; };
		43A724261D98C107004A2AA1 /* snail.png */ = {isa = PBXFileReference; lastKnownFileType = image.png; path = snail.png; sourceTree = "<group>"; };
		43A724271D98C107004A2AA1 /* snake.png */ = {isa = PBXFileReference; lastKnownFileType = image.png; path = snake.png; sourceTree = "<group>"; };
		43A724281D98C107004A2AA1 /* spider.png */ = {isa = PBXFileReference; lastKnownFileType = image.png; path = spider.png; sourceTree = "<group>"; };
		43A724291D98C107004A2AA1 /* swan.png */ = {isa = PBXFileReference; lastKnownFileType = image.png; path = swan.png; sourceTree = "<group>"; };
		43A7242A1D98C107004A2AA1 /* tiger.jpg */ = {isa = PBXFileReference; lastKnownFileType = image.jpeg; path = tiger.jpg; sourceTree = "<group>"; };
		43A7242B1D98C107004A2AA1 /* turtle.png */ = {isa = PBXFileReference; lastKnownFileType = image.png; path = turtle.png; sourceTree = "<group>"; };
		43A7242C1D98C107004A2AA1 /* animals.jpeg */ = {isa = PBXFileReference; lastKnownFileType = image.jpeg; path = animals.jpeg; sourceTree = "<group>"; };
		43A7242E1D98C107004A2AA1 /* apple.png */ = {isa = PBXFileReference; lastKnownFileType = image.png; path = apple.png; sourceTree = "<group>"; };
		43A7242F1D98C107004A2AA1 /* avocado.jpg */ = {isa = PBXFileReference; lastKnownFileType = image.jpeg; path = avocado.jpg; sourceTree = "<group>"; };
		43A724301D98C107004A2AA1 /* banana.png */ = {isa = PBXFileReference; lastKnownFileType = image.png; path = banana.png; sourceTree = "<group>"; };
		43A724311D98C107004A2AA1 /* blackberry.png */ = {isa = PBXFileReference; lastKnownFileType = image.png; path = blackberry.png; sourceTree = "<group>"; };
		43A724321D98C107004A2AA1 /* cherry.png */ = {isa = PBXFileReference; lastKnownFileType = image.png; path = cherry.png; sourceTree = "<group>"; };
		43A724331D98C107004A2AA1 /* coconut.png */ = {isa = PBXFileReference; lastKnownFileType = image.png; path = coconut.png; sourceTree = "<group>"; };
		43A724341D98C107004A2AA1 /* grape.png */ = {isa = PBXFileReference; lastKnownFileType = image.png; path = grape.png; sourceTree = "<group>"; };
		43A724351D98C107004A2AA1 /* kiwi.jpg */ = {isa = PBXFileReference; lastKnownFileType = image.jpeg; path = kiwi.jpg; sourceTree = "<group>"; };
		43A724361D98C107004A2AA1 /* lemon.jpg */ = {isa = PBXFileReference; lastKnownFileType = image.jpeg; path = lemon.jpg; sourceTree = "<group>"; };
		43A724371D98C107004A2AA1 /* lychee.jpg */ = {isa = PBXFileReference; lastKnownFileType = image.jpeg; path = lychee.jpg; sourceTree = "<group>"; };
		43A724381D98C107004A2AA1 /* mango.jpg */ = {isa = PBXFileReference; lastKnownFileType = image.jpeg; path = mango.jpg; sourceTree = "<group>"; };
		43A724391D98C107004A2AA1 /* melon.jpg */ = {isa = PBXFileReference; lastKnownFileType = image.jpeg; path = melon.jpg; sourceTree = "<group>"; };
		43A7243A1D98C107004A2AA1 /* papaya.jpg */ = {isa = PBXFileReference; lastKnownFileType = image.jpeg; path = papaya.jpg; sourceTree = "<group>"; };
		43A7243B1D98C107004A2AA1 /* passion fruit.jpg */ = {isa = PBXFileReference; lastKnownFileType = image.jpeg; path = "passion fruit.jpg"; sourceTree = "<group>"; };
		43A7243C1D98C107004A2AA1 /* peach.jpg */ = {isa = PBXFileReference; lastKnownFileType = image.jpeg; path = peach.jpg; sourceTree = "<group>"; };
		43A7243D1D98C107004A2AA1 /* pineapple.jpg */ = {isa = PBXFileReference; lastKnownFileType = image.jpeg; path = pineapple.jpg; sourceTree = "<group>"; };
		43A7243E1D98C107004A2AA1 /* plum.png */ = {isa = PBXFileReference; lastKnownFileType = image.png; path = plum.png; sourceTree = "<group>"; };
		43A7243F1D98C107004A2AA1 /* strawberry.jpg */ = {isa = PBXFileReference; lastKnownFileType = image.jpeg; path = strawberry.jpg; sourceTree = "<group>"; };
		43A724401D98C107004A2AA1 /* watermelon.png */ = {isa = PBXFileReference; lastKnownFileType = image.png; path = watermelon.png; sourceTree = "<group>"; };
		43A724411D98C107004A2AA1 /* fruits.png */ = {isa = PBXFileReference; lastKnownFileType = image.png; path = fruits.png; sourceTree = "<group>"; };
		43A724721D98C3F1004A2AA1 /* MasterTableVC.swift */ = {isa = PBXFileReference; fileEncoding = 4; lastKnownFileType = sourcecode.swift; path = MasterTableVC.swift; sourceTree = "<group>"; };
/* End PBXFileReference section */

/* Begin PBXFrameworksBuildPhase section */
		437C37291D93866F0046AD09 /* Frameworks */ = {
			isa = PBXFrameworksBuildPhase;
			buildActionMask = 2147483647;
			files = (
			);
			runOnlyForDeploymentPostprocessing = 0;
		};
		437C373D1D9386700046AD09 /* Frameworks */ = {
			isa = PBXFrameworksBuildPhase;
			buildActionMask = 2147483647;
			files = (
			);
			runOnlyForDeploymentPostprocessing = 0;
		};
		437C37481D9386700046AD09 /* Frameworks */ = {
			isa = PBXFrameworksBuildPhase;
			buildActionMask = 2147483647;
			files = (
			);
			runOnlyForDeploymentPostprocessing = 0;
		};
/* End PBXFrameworksBuildPhase section */

/* Begin PBXGroup section */
		437C37231D93866E0046AD09 = {
			isa = PBXGroup;
			children = (
				437C372E1D9386700046AD09 /* EnglishForKidsDemo */,
				437C37431D9386700046AD09 /* EnglishForKidsDemoTests */,
				437C374E1D9386700046AD09 /* EnglishForKidsDemoUITests */,
				437C372D1D9386700046AD09 /* Products */,
			);
			sourceTree = "<group>";
		};
		437C372D1D9386700046AD09 /* Products */ = {
			isa = PBXGroup;
			children = (
				437C372C1D9386700046AD09 /* EnglishForKidsDemo.app */,
				437C37401D9386700046AD09 /* EnglishForKidsDemoTests.xctest */,
				437C374B1D9386700046AD09 /* EnglishForKidsDemoUITests.xctest */,
			);
			name = Products;
			sourceTree = "<group>";
		};
		437C372E1D9386700046AD09 /* EnglishForKidsDemo */ = {
			isa = PBXGroup;
			children = (
				43A7240F1D98C0D0004A2AA1 /* resource */,
				437C372F1D9386700046AD09 /* AppDelegate.swift */,
				437C37331D9386700046AD09 /* Main.storyboard */,
				437C37361D9386700046AD09 /* Assets.xcassets */,
				437C37381D9386700046AD09 /* LaunchScreen.storyboard */,
				437C373B1D9386700046AD09 /* Info.plist */,
				43A724721D98C3F1004A2AA1 /* MasterTableVC.swift */,
			);
			path = EnglishForKidsDemo;
			sourceTree = "<group>";
		};
		437C37431D9386700046AD09 /* EnglishForKidsDemoTests */ = {
			isa = PBXGroup;
			children = (
				437C37441D9386700046AD09 /* EnglishForKidsDemoTests.swift */,
				437C37461D9386700046AD09 /* Info.plist */,
			);
			path = EnglishForKidsDemoTests;
			sourceTree = "<group>";
		};
		437C374E1D9386700046AD09 /* EnglishForKidsDemoUITests */ = {
			isa = PBXGroup;
			children = (
				437C374F1D9386700046AD09 /* EnglishForKidsDemoUITests.swift */,
				437C37511D9386700046AD09 /* Info.plist */,
			);
			path = EnglishForKidsDemoUITests;
			sourceTree = "<group>";
		};
		43A7240F1D98C0D0004A2AA1 /* resource */ = {
			isa = PBXGroup;
			children = (
				43A724101D98C107004A2AA1 /* Animals */,
				43A7242C1D98C107004A2AA1 /* animals.jpeg */,
				43A7242D1D98C107004A2AA1 /* Fruits */,
				43A724411D98C107004A2AA1 /* fruits.png */,
			);
			name = resource;
			sourceTree = "<group>";
		};
		43A724101D98C107004A2AA1 /* Animals */ = {
			isa = PBXGroup;
			children = (
				43A724111D98C107004A2AA1 /* ant.png */,
				43A724121D98C107004A2AA1 /* bat.jpg */,
				43A724131D98C107004A2AA1 /* bear.png */,
				43A724141D98C107004A2AA1 /* bee.png */,
				43A724151D98C107004A2AA1 /* bird.png */,
				43A724161D98C107004A2AA1 /* buffalo.jpg */,
				43A724171D98C107004A2AA1 /* butterfly.png */,
				43A724181D98C107004A2AA1 /* cat.jpg */,
				43A724191D98C107004A2AA1 /* crab.png */,
				43A7241A1D98C107004A2AA1 /* deer.jpg */,
				43A7241B1D98C107004A2AA1 /* dog.png */,
				43A7241C1D98C107004A2AA1 /* duck.png */,
				43A7241D1D98C107004A2AA1 /* fish.png */,
				43A7241E1D98C107004A2AA1 /* fly.jpg */,
				43A7241F1D98C107004A2AA1 /* fox.png */,
				43A724201D98C107004A2AA1 /* frog.png */,
				43A724211D98C107004A2AA1 /* hawk.jpg */,
				43A724221D98C107004A2AA1 /* lion.jpg */,
				43A724231D98C107004A2AA1 /* mosquito.jpg */,
				43A724241D98C107004A2AA1 /* mouse.png */,
				43A724251D98C107004A2AA1 /* peafowl.jpg */,
				43A724261D98C107004A2AA1 /* snail.png */,
				43A724271D98C107004A2AA1 /* snake.png */,
				43A724281D98C107004A2AA1 /* spider.png */,
				43A724291D98C107004A2AA1 /* swan.png */,
				43A7242A1D98C107004A2AA1 /* tiger.jpg */,
				43A7242B1D98C107004A2AA1 /* turtle.png */,
			);
			path = Animals;
			sourceTree = "<group>";
		};
		43A7242D1D98C107004A2AA1 /* Fruits */ = {
			isa = PBXGroup;
			children = (
				43A7242E1D98C107004A2AA1 /* apple.png */,
				43A7242F1D98C107004A2AA1 /* avocado.jpg */,
				43A724301D98C107004A2AA1 /* banana.png */,
				43A724311D98C107004A2AA1 /* blackberry.png */,
				43A724321D98C107004A2AA1 /* cherry.png */,
				43A724331D98C107004A2AA1 /* coconut.png */,
				43A724341D98C107004A2AA1 /* grape.png */,
				43A724351D98C107004A2AA1 /* kiwi.jpg */,
				43A724361D98C107004A2AA1 /* lemon.jpg */,
				43A724371D98C107004A2AA1 /* lychee.jpg */,
				43A724381D98C107004A2AA1 /* mango.jpg */,
				43A724391D98C107004A2AA1 /* melon.jpg */,
				43A7243A1D98C107004A2AA1 /* papaya.jpg */,
				43A7243B1D98C107004A2AA1 /* passion fruit.jpg */,
				43A7243C1D98C107004A2AA1 /* peach.jpg */,
				43A7243D1D98C107004A2AA1 /* pineapple.jpg */,
				43A7243E1D98C107004A2AA1 /* plum.png */,
				43A7243F1D98C107004A2AA1 /* strawberry.jpg */,
				43A724401D98C107004A2AA1 /* watermelon.png */,
			);
			path = Fruits;
			sourceTree = "<group>";
		};
/* End PBXGroup section */

/* Begin PBXNativeTarget section */
		437C372B1D93866F0046AD09 /* EnglishForKidsDemo */ = {
			isa = PBXNativeTarget;
			buildConfigurationList = 437C37541D9386700046AD09 /* Build configuration list for PBXNativeTarget "EnglishForKidsDemo" */;
			buildPhases = (
				437C37281D93866F0046AD09 /* Sources */,
				437C37291D93866F0046AD09 /* Frameworks */,
				437C372A1D93866F0046AD09 /* Resources */,
			);
			buildRules = (
			);
			dependencies = (
			);
			name = EnglishForKidsDemo;
			productName = EnglishForKidsDemo;
			productReference = 437C372C1D9386700046AD09 /* EnglishForKidsDemo.app */;
			productType = "com.apple.product-type.application";
		};
		437C373F1D9386700046AD09 /* EnglishForKidsDemoTests */ = {
			isa = PBXNativeTarget;
			buildConfigurationList = 437C37571D9386700046AD09 /* Build configuration list for PBXNativeTarget "EnglishForKidsDemoTests" */;
			buildPhases = (
				437C373C1D9386700046AD09 /* Sources */,
				437C373D1D9386700046AD09 /* Frameworks */,
				437C373E1D9386700046AD09 /* Resources */,
			);
			buildRules = (
			);
			dependencies = (
				437C37421D9386700046AD09 /* PBXTargetDependency */,
			);
			name = EnglishForKidsDemoTests;
			productName = EnglishForKidsDemoTests;
			productReference = 437C37401D9386700046AD09 /* EnglishForKidsDemoTests.xctest */;
			productType = "com.apple.product-type.bundle.unit-test";
		};
		437C374A1D9386700046AD09 /* EnglishForKidsDemoUITests */ = {
			isa = PBXNativeTarget;
			buildConfigurationList = 437C375A1D9386700046AD09 /* Build configuration list for PBXNativeTarget "EnglishForKidsDemoUITests" */;
			buildPhases = (
				437C37471D9386700046AD09 /* Sources */,
				437C37481D9386700046AD09 /* Frameworks */,
				437C37491D9386700046AD09 /* Resources */,
			);
			buildRules = (
			);
			dependencies = (
				437C374D1D9386700046AD09 /* PBXTargetDependency */,
			);
			name = EnglishForKidsDemoUITests;
			productName = EnglishForKidsDemoUITests;
			productReference = 437C374B1D9386700046AD09 /* EnglishForKidsDemoUITests.xctest */;
			productType = "com.apple.product-type.bundle.ui-testing";
		};
/* End PBXNativeTarget section */

/* Begin PBXProject section */
		437C37241D93866E0046AD09 /* Project object */ = {
			isa = PBXProject;
			attributes = {
				LastSwiftUpdateCheck = 0800;
				LastUpgradeCheck = 0800;
				ORGANIZATIONNAME = TTB10912;
				TargetAttributes = {
					437C372B1D93866F0046AD09 = {
						CreatedOnToolsVersion = 8.0;
						ProvisioningStyle = Automatic;
					};
					437C373F1D9386700046AD09 = {
						CreatedOnToolsVersion = 8.0;
						ProvisioningStyle = Automatic;
						TestTargetID = 437C372B1D93866F0046AD09;
					};
					437C374A1D9386700046AD09 = {
						CreatedOnToolsVersion = 8.0;
						ProvisioningStyle = Automatic;
						TestTargetID = 437C372B1D93866F0046AD09;
					};
				};
			};
			buildConfigurationList = 437C37271D93866E0046AD09 /* Build configuration list for PBXProject "EnglishForKidsDemo" */;
			compatibilityVersion = "Xcode 3.2";
			developmentRegion = English;
			hasScannedForEncodings = 0;
			knownRegions = (
				en,
				Base,
			);
			mainGroup = 437C37231D93866E0046AD09;
			productRefGroup = 437C372D1D9386700046AD09 /* Products */;
			projectDirPath = "";
			projectRoot = "";
			targets = (
				437C372B1D93866F0046AD09 /* EnglishForKidsDemo */,
				437C373F1D9386700046AD09 /* EnglishForKidsDemoTests */,
				437C374A1D9386700046AD09 /* EnglishForKidsDemoUITests */,
			);
		};
/* End PBXProject section */

/* Begin PBXResourcesBuildPhase section */
		437C372A1D93866F0046AD09 /* Resources */ = {
			isa = PBXResourcesBuildPhase;
			buildActionMask = 2147483647;
			files = (
				43A724681D98C107004A2AA1 /* mango.jpg in Resources */,
				43A7246A1D98C107004A2AA1 /* papaya.jpg in Resources */,
				43A7245D1D98C107004A2AA1 /* animals.jpeg in Resources */,
				43A7246B1D98C107004A2AA1 /* passion fruit.jpg in Resources */,
				43A724541D98C107004A2AA1 /* mosquito.jpg in Resources */,
				43A724551D98C107004A2AA1 /* mouse.png in Resources */,
				43A724611D98C107004A2AA1 /* blackberry.png in Resources */,
				43A724631D98C107004A2AA1 /* coconut.png in Resources */,
				43A7244C1D98C107004A2AA1 /* dog.png in Resources */,
				43A724531D98C107004A2AA1 /* lion.jpg in Resources */,
				437C373A1D9386700046AD09 /* LaunchScreen.storyboard in Resources */,
				43A7244F1D98C107004A2AA1 /* fly.jpg in Resources */,
				43A724491D98C107004A2AA1 /* cat.jpg in Resources */,
				43A7245F1D98C107004A2AA1 /* avocado.jpg in Resources */,
				43A724481D98C107004A2AA1 /* butterfly.png in Resources */,
				43A7245A1D98C107004A2AA1 /* swan.png in Resources */,
				43A7246F1D98C107004A2AA1 /* strawberry.jpg in Resources */,
				43A724561D98C107004A2AA1 /* peafowl.jpg in Resources */,
				43A724421D98C107004A2AA1 /* ant.png in Resources */,
				43A7245C1D98C107004A2AA1 /* turtle.png in Resources */,
				43A724521D98C107004A2AA1 /* hawk.jpg in Resources */,
				43A724671D98C107004A2AA1 /* lychee.jpg in Resources */,
				43A7245E1D98C107004A2AA1 /* apple.png in Resources */,
				43A7244E1D98C107004A2AA1 /* fish.png in Resources */,
				43A724641D98C107004A2AA1 /* grape.png in Resources */,
				437C37371D9386700046AD09 /* Assets.xcassets in Resources */,
				43A724711D98C107004A2AA1 /* fruits.png in Resources */,
				43A724691D98C107004A2AA1 /* melon.jpg in Resources */,
				43A724591D98C107004A2AA1 /* spider.png in Resources */,
				43A724651D98C107004A2AA1 /* kiwi.jpg in Resources */,
				43A724471D98C107004A2AA1 /* buffalo.jpg in Resources */,
				43A7246D1D98C107004A2AA1 /* pineapple.jpg in Resources */,
				437C37351D9386700046AD09 /* Main.storyboard in Resources */,
				43A724461D98C107004A2AA1 /* bird.png in Resources */,
				43A724601D98C107004A2AA1 /* banana.png in Resources */,
				43A724661D98C107004A2AA1 /* lemon.jpg in Resources */,
				43A724451D98C107004A2AA1 /* bee.png in Resources */,
				43A724511D98C107004A2AA1 /* frog.png in Resources */,
				43A724581D98C107004A2AA1 /* snake.png in Resources */,
				43A7245B1D98C107004A2AA1 /* tiger.jpg in Resources */,
				43A724431D98C107004A2AA1 /* bat.jpg in Resources */,
				43A7244D1D98C107004A2AA1 /* duck.png in Resources */,
				43A724701D98C107004A2AA1 /* watermelon.png in Resources */,
				43A724621D98C107004A2AA1 /* cherry.png in Resources */,
				43A7246E1D98C107004A2AA1 /* plum.png in Resources */,
				43A7244B1D98C107004A2AA1 /* deer.jpg in Resources */,
				43A724501D98C107004A2AA1 /* fox.png in Resources */,
				43A724441D98C107004A2AA1 /* bear.png in Resources */,
				43A724571D98C107004A2AA1 /* snail.png in Resources */,
				43A7244A1D98C107004A2AA1 /* crab.png in Resources */,
				43A7246C1D98C107004A2AA1 /* peach.jpg in Resources */,
			);
			runOnlyForDeploymentPostprocessing = 0;
		};
		437C373E1D9386700046AD09 /* Resources */ = {
			isa = PBXResourcesBuildPhase;
			buildActionMask = 2147483647;
			files = (
			);
			runOnlyForDeploymentPostprocessing = 0;
		};
		437C37491D9386700046AD09 /* Resources */ = {
			isa = PBXResourcesBuildPhase;
			buildActionMask = 2147483647;
			files = (
			);
			runOnlyForDeploymentPostprocessing = 0;
		};
/* End PBXResourcesBuildPhase section */

/* Begin PBXSourcesBuildPhase section */
		437C37281D93866F0046AD09 /* Sources */ = {
			isa = PBXSourcesBuildPhase;
			buildActionMask = 2147483647;
			files = (
				437C37301D9386700046AD09 /* AppDelegate.swift in Sources */,
				43A724731D98C3F1004A2AA1 /* MasterTableVC.swift in Sources */,
			);
			runOnlyForDeploymentPostprocessing = 0;
		};
		437C373C1D9386700046AD09 /* Sources */ = {
			isa = PBXSourcesBuildPhase;
			buildActionMask = 2147483647;
			files = (
				437C37451D9386700046AD09 /* EnglishForKidsDemoTests.swift in Sources */,
			);
			runOnlyForDeploymentPostprocessing = 0;
		};
		437C37471D9386700046AD09 /* Sources */ = {
			isa = PBXSourcesBuildPhase;
			buildActionMask = 2147483647;
			files = (
				437C37501D9386700046AD09 /* EnglishForKidsDemoUITests.swift in Sources */,
			);
			runOnlyForDeploymentPostprocessing = 0;
		};
/* End PBXSourcesBuildPhase section */

/* Begin PBXTargetDependency section */
		437C37421D9386700046AD09 /* PBXTargetDependency */ = {
			isa = PBXTargetDependency;
			target = 437C372B1D93866F0046AD09 /* EnglishForKidsDemo */;
			targetProxy = 437C37411D9386700046AD09 /* PBXContainerItemProxy */;
		};
		437C374D1D9386700046AD09 /* PBXTargetDependency */ = {
			isa = PBXTargetDependency;
			target = 437C372B1D93866F0046AD09 /* EnglishForKidsDemo */;
			targetProxy = 437C374C1D9386700046AD09 /* PBXContainerItemProxy */;
		};
/* End PBXTargetDependency section */

/* Begin PBXVariantGroup section */
		437C37331D9386700046AD09 /* Main.storyboard */ = {
			isa = PBXVariantGroup;
			children = (
				437C37341D9386700046AD09 /* Base */,
			);
			name = Main.storyboard;
			sourceTree = "<group>";
		};
		437C37381D9386700046AD09 /* LaunchScreen.storyboard */ = {
			isa = PBXVariantGroup;
			children = (
				437C37391D9386700046AD09 /* Base */,
			);
			name = LaunchScreen.storyboard;
			sourceTree = "<group>";
		};
/* End PBXVariantGroup section */

/* Begin XCBuildConfiguration section */
		437C37521D9386700046AD09 /* Debug */ = {
			isa = XCBuildConfiguration;
			buildSettings = {
				ALWAYS_SEARCH_USER_PATHS = NO;
				CLANG_ANALYZER_NONNULL = YES;
				CLANG_CXX_LANGUAGE_STANDARD = "gnu++0x";
				CLANG_CXX_LIBRARY = "libc++";
				CLANG_ENABLE_MODULES = YES;
				CLANG_ENABLE_OBJC_ARC = YES;
				CLANG_WARN_BOOL_CONVERSION = YES;
				CLANG_WARN_CONSTANT_CONVERSION = YES;
				CLANG_WARN_DIRECT_OBJC_ISA_USAGE = YES_ERROR;
				CLANG_WARN_DOCUMENTATION_COMMENTS = YES;
				CLANG_WARN_EMPTY_BODY = YES;
				CLANG_WARN_ENUM_CONVERSION = YES;
				CLANG_WARN_INFINITE_RECURSION = YES;
				CLANG_WARN_INT_CONVERSION = YES;
				CLANG_WARN_OBJC_ROOT_CLASS = YES_ERROR;
				CLANG_WARN_SUSPICIOUS_MOVES = YES;
				CLANG_WARN_UNREACHABLE_CODE = YES;
				CLANG_WARN__DUPLICATE_METHOD_MATCH = YES;
				"CODE_SIGN_IDENTITY[sdk=iphoneos*]" = "iPhone Developer";
				COPY_PHASE_STRIP = NO;
				DEBUG_INFORMATION_FORMAT = dwarf;
				ENABLE_STRICT_OBJC_MSGSEND = YES;
				ENABLE_TESTABILITY = YES;
				GCC_C_LANGUAGE_STANDARD = gnu99;
				GCC_DYNAMIC_NO_PIC = NO;
				GCC_NO_COMMON_BLOCKS = YES;
				GCC_OPTIMIZATION_LEVEL = 0;
				GCC_PREPROCESSOR_DEFINITIONS = (
					"DEBUG=1",
					"$(inherited)",
				);
				GCC_WARN_64_TO_32_BIT_CONVERSION = YES;
				GCC_WARN_ABOUT_RETURN_TYPE = YES_ERROR;
				GCC_WARN_UNDECLARED_SELECTOR = YES;
				GCC_WARN_UNINITIALIZED_AUTOS = YES_AGGRESSIVE;
				GCC_WARN_UNUSED_FUNCTION = YES;
				GCC_WARN_UNUSED_VARIABLE = YES;
				IPHONEOS_DEPLOYMENT_TARGET = 10.0;
				MTL_ENABLE_DEBUG_INFO = YES;
				ONLY_ACTIVE_ARCH = YES;
				SDKROOT = iphoneos;
				SWIFT_ACTIVE_COMPILATION_CONDITIONS = DEBUG;
				SWIFT_OPTIMIZATION_LEVEL = "-Onone";
				TARGETED_DEVICE_FAMILY = "1,2";
			};
			name = Debug;
		};
		437C37531D9386700046AD09 /* Release */ = {
			isa = XCBuildConfiguration;
			buildSettings = {
				ALWAYS_SEARCH_USER_PATHS = NO;
				CLANG_ANALYZER_NONNULL = YES;
				CLANG_CXX_LANGUAGE_STANDARD = "gnu++0x";
				CLANG_CXX_LIBRARY = "libc++";
				CLANG_ENABLE_MODULES = YES;
				CLANG_ENABLE_OBJC_ARC = YES;
				CLANG_WARN_BOOL_CONVERSION = YES;
				CLANG_WARN_CONSTANT_CONVERSION = YES;
				CLANG_WARN_DIRECT_OBJC_ISA_USAGE = YES_ERROR;
				CLANG_WARN_DOCUMENTATION_COMMENTS = YES;
				CLANG_WARN_EMPTY_BODY = YES;
				CLANG_WARN_ENUM_CONVERSION = YES;
				CLANG_WARN_INFINITE_RECURSION = YES;
				CLANG_WARN_INT_CONVERSION = YES;
				CLANG_WARN_OBJC_ROOT_CLASS = YES_ERROR;
				CLANG_WARN_SUSPICIOUS_MOVES = YES;
				CLANG_WARN_UNREACHABLE_CODE = YES;
				CLANG_WARN__DUPLICATE_METHOD_MATCH = YES;
				"CODE_SIGN_IDENTITY[sdk=iphoneos*]" = "iPhone Developer";
				COPY_PHASE_STRIP = NO;
				DEBUG_INFORMATION_FORMAT = "dwarf-with-dsym";
				ENABLE_NS_ASSERTIONS = NO;
				ENABLE_STRICT_OBJC_MSGSEND = YES;
				GCC_C_LANGUAGE_STANDARD = gnu99;
				GCC_NO_COMMON_BLOCKS = YES;
				GCC_WARN_64_TO_32_BIT_CONVERSION = YES;
				GCC_WARN_ABOUT_RETURN_TYPE = YES_ERROR;
				GCC_WARN_UNDECLARED_SELECTOR = YES;
				GCC_WARN_UNINITIALIZED_AUTOS = YES_AGGRESSIVE;
				GCC_WARN_UNUSED_FUNCTION = YES;
				GCC_WARN_UNUSED_VARIABLE = YES;
				IPHONEOS_DEPLOYMENT_TARGET = 10.0;
				MTL_ENABLE_DEBUG_INFO = NO;
				SDKROOT = iphoneos;
				SWIFT_OPTIMIZATION_LEVEL = "-Owholemodule";
				TARGETED_DEVICE_FAMILY = "1,2";
				VALIDATE_PRODUCT = YES;
			};
			name = Release;
		};
		437C37551D9386700046AD09 /* Debug */ = {
			isa = XCBuildConfiguration;
			buildSettings = {
				ASSETCATALOG_COMPILER_APPICON_NAME = AppIcon;
				INFOPLIST_FILE = EnglishForKidsDemo/Info.plist;
				LD_RUNPATH_SEARCH_PATHS = "$(inherited) @executable_path/Frameworks";
				PRODUCT_BUNDLE_IDENTIFIER = c.ttb10912.EnglishForKidsDemo;
				PRODUCT_NAME = "$(TARGET_NAME)";
				SWIFT_VERSION = 3.0;
			};
			name = Debug;
		};
		437C37561D9386700046AD09 /* Release */ = {
			isa = XCBuildConfiguration;
			buildSettings = {
				ASSETCATALOG_COMPILER_APPICON_NAME = AppIcon;
				INFOPLIST_FILE = EnglishForKidsDemo/Info.plist;
				LD_RUNPATH_SEARCH_PATHS = "$(inherited) @executable_path/Frameworks";
				PRODUCT_BUNDLE_IDENTIFIER = c.ttb10912.EnglishForKidsDemo;
				PRODUCT_NAME = "$(TARGET_NAME)";
				SWIFT_VERSION = 3.0;
			};
			name = Release;
		};
		437C37581D9386700046AD09 /* Debug */ = {
			isa = XCBuildConfiguration;
			buildSettings = {
				ALWAYS_EMBED_SWIFT_STANDARD_LIBRARIES = YES;
				BUNDLE_LOADER = "$(TEST_HOST)";
				INFOPLIST_FILE = EnglishForKidsDemoTests/Info.plist;
				LD_RUNPATH_SEARCH_PATHS = "$(inherited) @executable_path/Frameworks @loader_path/Frameworks";
				PRODUCT_BUNDLE_IDENTIFIER = c.ttb10912.EnglishForKidsDemoTests;
				PRODUCT_NAME = "$(TARGET_NAME)";
				SWIFT_VERSION = 3.0;
				TEST_HOST = "$(BUILT_PRODUCTS_DIR)/EnglishForKidsDemo.app/EnglishForKidsDemo";
			};
			name = Debug;
		};
		437C37591D9386700046AD09 /* Release */ = {
			isa = XCBuildConfiguration;
			buildSettings = {
				ALWAYS_EMBED_SWIFT_STANDARD_LIBRARIES = YES;
				BUNDLE_LOADER = "$(TEST_HOST)";
				INFOPLIST_FILE = EnglishForKidsDemoTests/Info.plist;
				LD_RUNPATH_SEARCH_PATHS = "$(inherited) @executable_path/Frameworks @loader_path/Frameworks";
				PRODUCT_BUNDLE_IDENTIFIER = c.ttb10912.EnglishForKidsDemoTests;
				PRODUCT_NAME = "$(TARGET_NAME)";
				SWIFT_VERSION = 3.0;
				TEST_HOST = "$(BUILT_PRODUCTS_DIR)/EnglishForKidsDemo.app/EnglishForKidsDemo";
			};
			name = Release;
		};
		437C375B1D9386700046AD09 /* Debug */ = {
			isa = XCBuildConfiguration;
			buildSettings = {
				ALWAYS_EMBED_SWIFT_STANDARD_LIBRARIES = YES;
				INFOPLIST_FILE = EnglishForKidsDemoUITests/Info.plist;
				LD_RUNPATH_SEARCH_PATHS = "$(inherited) @executable_path/Frameworks @loader_path/Frameworks";
				PRODUCT_BUNDLE_IDENTIFIER = c.ttb10912.EnglishForKidsDemoUITests;
				PRODUCT_NAME = "$(TARGET_NAME)";
				SWIFT_VERSION = 3.0;
				TEST_TARGET_NAME = EnglishForKidsDemo;
			};
			name = Debug;
		};
		437C375C1D9386700046AD09 /* Release */ = {
			isa = XCBuildConfiguration;
			buildSettings = {
				ALWAYS_EMBED_SWIFT_STANDARD_LIBRARIES = YES;
				INFOPLIST_FILE = EnglishForKidsDemoUITests/Info.plist;
				LD_RUNPATH_SEARCH_PATHS = "$(inherited) @executable_path/Frameworks @loader_path/Frameworks";
				PRODUCT_BUNDLE_IDENTIFIER = c.ttb10912.EnglishForKidsDemoUITests;
				PRODUCT_NAME = "$(TARGET_NAME)";
				SWIFT_VERSION = 3.0;
				TEST_TARGET_NAME = EnglishForKidsDemo;
			};
			name = Release;
		};
/* End XCBuildConfiguration section */

/* Begin XCConfigurationList section */
		437C37271D93866E0046AD09 /* Build configuration list for PBXProject "EnglishForKidsDemo" */ = {
			isa = XCConfigurationList;
			buildConfigurations = (
				437C37521D9386700046AD09 /* Debug */,
				437C37531D9386700046AD09 /* Release */,
			);
			defaultConfigurationIsVisible = 0;
			defaultConfigurationName = Release;
		};
		437C37541D9386700046AD09 /* Build configuration list for PBXNativeTarget "EnglishForKidsDemo" */ = {
			isa = XCConfigurationList;
			buildConfigurations = (
				437C37551D9386700046AD09 /* Debug */,
				437C37561D9386700046AD09 /* Release */,
			);
			defaultConfigurationIsVisible = 0;
			defaultConfigurationName = Release;
		};
		437C37571D9386700046AD09 /* Build configuration list for PBXNativeTarget "EnglishForKidsDemoTests" */ = {
			isa = XCConfigurationList;
			buildConfigurations = (
				437C37581D9386700046AD09 /* Debug */,
				437C37591D9386700046AD09 /* Release */,
			);
			defaultConfigurationIsVisible = 0;
			defaultConfigurationName = Release;
		};
		437C375A1D9386700046AD09 /* Build configuration list for PBXNativeTarget "EnglishForKidsDemoUITests" */ = {
			isa = XCConfigurationList;
			buildConfigurations = (
				437C375B1D9386700046AD09 /* Debug */,
				437C375C1D9386700046AD09 /* Release */,
			);
			defaultConfigurationIsVisible = 0;
			defaultConfigurationName = Release;
		};
/* End XCConfigurationList section */
	};
	rootObject = 437C37241D93866E0046AD09 /* Project object */;
}
